{
  "lockfileVersion": 1,
  "configVersion": 0,
  "workspaces": {
    "": {
      "name": "freebind",
      "dependencies": {
        "ipaddr.js": "2.3.0",
        "node-gyp": "^12.2.0",
        "syscall-napi": "0.0.6",
        "undici": "^6.22.0",
      },
    },
  },
  "packages": {
    "@gar/promise-retry": ["@gar/promise-retry@1.0.2", "", { "dependencies": { "retry": "^0.13.1" } }, "sha512-Lm/ZLhDZcBECta3TmCQSngiQykFdfw+QtI1/GYMsZd4l3nG+P8WLB16XuS7WaBGLQ+9E+cOcWQsth9cayuGt8g=="],

    "@isaacs/fs-minipass": ["@isaacs/fs-minipass@4.0.1", "", { "dependencies": { "minipass": "^7.0.4" } }, "sha512-wgm9Ehl2jpeqP3zw/7mo3kRHFp5MEDhqAdwy1fTGkHAwnkGOVsgpvQhL8B5n1qlb01jV3n/bI0ZfZp5lWA1k4w=="],

    "@npmcli/agent": ["@npmcli/agent@4.0.0", "", { "dependencies": { "agent-base": "^7.1.0", "http-proxy-agent": "^7.0.0", "https-proxy-agent": "^7.0.1", "lru-cache": "^11.2.1", "socks-proxy-agent": "^8.0.3" } }, "sha512-kAQTcEN9E8ERLVg5AsGwLNoFb+oEG6engbqAU2P43gD4JEIkNGMHdVQ096FsOAAYpZPB0RSt0zgInKIAS1l5QA=="],

    "@npmcli/fs": ["@npmcli/fs@5.0.0", "", { "dependencies": { "semver": "^7.3.5" } }, "sha512-7OsC1gNORBEawOa5+j2pXN9vsicaIOH5cPXxoR6fJOmH6/EXpJB2CajXOu1fPRFun2m1lktEFX11+P89hqO/og=="],

    "@npmcli/redact": ["@npmcli/redact@4.0.0", "", {}, "sha512-gOBg5YHMfZy+TfHArfVogwgfBeQnKbbGo3pSUyK/gSI0AVu+pEiDVcKlQb0D8Mg1LNRZILZ6XG8I5dJ4KuAd9Q=="],

    "abbrev": ["abbrev@4.0.0", "", {}, "sha512-a1wflyaL0tHtJSmLSOVybYhy22vRih4eduhhrkcjgrWGnRfrZtovJ2FRjxuTtkkj47O/baf0R86QU5OuYpz8fA=="],

    "agent-base": ["agent-base@7.1.4", "", {}, "sha512-MnA+YT8fwfJPgBx3m60MNqakm30XOkyIoH1y6huTQvC0PwZG7ki8NacLBcrPbNoo8vEZy7Jpuk7+jMO+CUovTQ=="],

    "balanced-match": ["balanced-match@4.0.4", "", {}, "sha512-BLrgEcRTwX2o6gGxGOCNyMvGSp35YofuYzw9h1IMTRmKqttAZZVU67bdb9Pr2vUHA8+j3i2tJfjO6C6+4myGTA=="],

    "brace-expansion": ["brace-expansion@5.0.4", "", { "dependencies": { "balanced-match": "^4.0.2" } }, "sha512-h+DEnpVvxmfVefa4jFbCf5HdH5YMDXRsmKflpf1pILZWRFlTbJpxeU55nJl4Smt5HQaGzg1o6RHFPJaOqnmBDg=="],

    "cacache": ["cacache@20.0.3", "", { "dependencies": { "@npmcli/fs": "^5.0.0", "fs-minipass": "^3.0.0", "glob": "^13.0.0", "lru-cache": "^11.1.0", "minipass": "^7.0.3", "minipass-collect": "^2.0.1", "minipass-flush": "^1.0.5", "minipass-pipeline": "^1.2.4", "p-map": "^7.0.2", "ssri": "^13.0.0", "unique-filename": "^5.0.0" } }, "sha512-3pUp4e8hv07k1QlijZu6Kn7c9+ZpWWk4j3F8N3xPuCExULobqJydKYOTj1FTq58srkJsXvO7LbGAH4C0ZU3WGw=="],

    "chownr": ["chownr@3.0.0", "", {}, "sha512-+IxzY9BZOQd/XuYPRmrvEVjF/nqj5kgT4kEq7VofrDoM1MxoRjEWkrCC3EtLi59TVawxTAn+orJwFQcrqEN1+g=="],

    "debug": ["debug@4.4.3", "", { "dependencies": { "ms": "^2.1.3" } }, "sha512-RGwwWnwQvkVfavKVt22FGLw+xYSdzARwm0ru6DhTVA3umU5hZc28V3kO4stgYryrTlLpuvgI9GiijltAjNbcqA=="],

    "env-paths": ["env-paths@2.2.1", "", {}, "sha512-+h1lkLKhZMTYjog1VEpJNG7NZJWcuc2DDk/qsqSTRRCOXiLjeQ1d1/udrUGhqMxUgAlwKNZ0cf2uqan5GLuS2A=="],

    "exponential-backoff": ["exponential-backoff@3.1.3", "", {}, "sha512-ZgEeZXj30q+I0EN+CbSSpIyPaJ5HVQD18Z1m+u1FXbAeT94mr1zw50q4q6jiiC447Nl/YTcIYSAftiGqetwXCA=="],

    "fdir": ["fdir@6.5.0", "", { "peerDependencies": { "picomatch": "^3 || ^4" }, "optionalPeers": ["picomatch"] }, "sha512-tIbYtZbucOs0BRGqPJkshJUYdL+SDH7dVM8gjy+ERp3WAUjLEFJE+02kanyHtwjWOnwrKYBiwAmM0p4kLJAnXg=="],

    "fs-minipass": ["fs-minipass@3.0.3", "", { "dependencies": { "minipass": "^7.0.3" } }, "sha512-XUBA9XClHbnJWSfBzjkm6RvPsyg3sryZt06BEQoXcF7EK/xpGaQYJgQKDJSUH5SGZ76Y7pFx1QBnXz09rU5Fbw=="],

    "glob": ["glob@13.0.6", "", { "dependencies": { "minimatch": "^10.2.2", "minipass": "^7.1.3", "path-scurry": "^2.0.2" } }, "sha512-Wjlyrolmm8uDpm/ogGyXZXb1Z+Ca2B8NbJwqBVg0axK9GbBeoS7yGV6vjXnYdGm6X53iehEuxxbyiKp8QmN4Vw=="],

    "graceful-fs": ["graceful-fs@4.2.11", "", {}, "sha512-RbJ5/jmFcNNCcDV5o9eTnBLJ/HszWV0P73bc+Ff4nS/rJj+YaS6IGyiOL0VoBYX+l1Wrl3k63h/KrH+nhJ0XvQ=="],

    "http-cache-semantics": ["http-cache-semantics@4.2.0", "", {}, "sha512-dTxcvPXqPvXBQpq5dUr6mEMJX4oIEFv6bwom3FDwKRDsuIjjJGANqhBuoAn9c1RQJIdAKav33ED65E2ys+87QQ=="],

    "http-proxy-agent": ["http-proxy-agent@7.0.2", "", { "dependencies": { "agent-base": "^7.1.0", "debug": "^4.3.4" } }, "sha512-T1gkAiYYDWYx3V5Bmyu7HcfcvL7mUrTWiM6yOfa3PIphViJ/gFPbvidQ+veqSOHci/PxBcDabeUNCzpOODJZig=="],

    "https-proxy-agent": ["https-proxy-agent@7.0.6", "", { "dependencies": { "agent-base": "^7.1.2", "debug": "4" } }, "sha512-vK9P5/iUfdl95AI+JVyUuIcVtd4ofvtrOr3HNtM2yxC9bnMbEdp3x01OhQNnjb8IJYi38VlTE3mBXwcfvywuSw=="],

    "iconv-lite": ["iconv-lite@0.7.2", "", { "dependencies": { "safer-buffer": ">= 2.1.2 < 3.0.0" } }, "sha512-im9DjEDQ55s9fL4EYzOAv0yMqmMBSZp6G0VvFyTMPKWxiSBHUj9NW/qqLmXUwXrrM7AvqSlTCfvqRb0cM8yYqw=="],

    "imurmurhash": ["imurmurhash@0.1.4", "", {}, "sha512-JmXMZ6wuvDmLiHEml9ykzqO6lwFbof0GG4IkcGaENdCRDDmMVnny7s5HsIgHCbaq0w2MyPhDqkhTUgS2LU2PHA=="],

    "ip-address": ["ip-address@10.1.0", "", {}, "sha512-XXADHxXmvT9+CRxhXg56LJovE+bmWnEWB78LB83VZTprKTmaC5QfruXocxzTZ2Kl0DNwKuBdlIhjL8LeY8Sf8Q=="],

    "ipaddr.js": ["ipaddr.js@2.3.0", "", {}, "sha512-Zv/pA+ciVFbCSBBjGfaKUya/CcGmUHzTydLMaTwrUUEM2DIEO3iZvueGxmacvmN50fGpGVKeTXpb2LcYQxeVdg=="],

    "isexe": ["isexe@4.0.0", "", {}, "sha512-FFUtZMpoZ8RqHS3XeXEmHWLA4thH+ZxCv2lOiPIn1Xc7CxrqhWzNSDzD+/chS/zbYezmiwWLdQC09JdQKmthOw=="],

    "lru-cache": ["lru-cache@11.2.7", "", {}, "sha512-aY/R+aEsRelme17KGQa/1ZSIpLpNYYrhcrepKTZgE+W3WM16YMCaPwOHLHsmopZHELU0Ojin1lPVxKR0MihncA=="],

    "make-fetch-happen": ["make-fetch-happen@15.0.5", "", { "dependencies": { "@gar/promise-retry": "^1.0.0", "@npmcli/agent": "^4.0.0", "@npmcli/redact": "^4.0.0", "cacache": "^20.0.1", "http-cache-semantics": "^4.1.1", "minipass": "^7.0.2", "minipass-fetch": "^5.0.0", "minipass-flush": "^1.0.5", "minipass-pipeline": "^1.2.4", "negotiator": "^1.0.0", "proc-log": "^6.0.0", "ssri": "^13.0.0" } }, "sha512-uCbIa8jWWmQZt4dSnEStkVC6gdakiinAm4PiGsywIkguF0eWMdcjDz0ECYhUolFU3pFLOev9VNPCEygydXnddg=="],

    "minimatch": ["minimatch@10.2.4", "", { "dependencies": { "brace-expansion": "^5.0.2" } }, "sha512-oRjTw/97aTBN0RHbYCdtF1MQfvusSIBQM0IZEgzl6426+8jSC0nF1a/GmnVLpfB9yyr6g6FTqWqiZVbxrtaCIg=="],

    "minipass": ["minipass@7.1.3", "", {}, "sha512-tEBHqDnIoM/1rXME1zgka9g6Q2lcoCkxHLuc7ODJ5BxbP5d4c2Z5cGgtXAku59200Cx7diuHTOYfSBD8n6mm8A=="],

    "minipass-collect": ["minipass-collect@2.0.1", "", { "dependencies": { "minipass": "^7.0.3" } }, "sha512-D7V8PO9oaz7PWGLbCACuI1qEOsq7UKfLotx/C0Aet43fCUB/wfQ7DYeq2oR/svFJGYDHPr38SHATeaj/ZoKHKw=="],

    "minipass-fetch": ["minipass-fetch@5.0.2", "", { "dependencies": { "minipass": "^7.0.3", "minipass-sized": "^2.0.0", "minizlib": "^3.0.1" }, "optionalDependencies": { "iconv-lite": "^0.7.2" } }, "sha512-2d0q2a8eCi2IRg/IGubCNRJoYbA1+YPXAzQVRFmB45gdGZafyivnZ5YSEfo3JikbjGxOdntGFvBQGqaSMXlAFQ=="],

    "minipass-flush": ["minipass-flush@1.0.5", "", { "dependencies": { "minipass": "^3.0.0" } }, "sha512-JmQSYYpPUqX5Jyn1mXaRwOda1uQ8HP5KAT/oDSLCzt1BYRhQU0/hDtsB1ufZfEEzMZ9aAVmsBw8+FWsIXlClWw=="],

    "minipass-pipeline": ["minipass-pipeline@1.2.4", "", { "dependencies": { "minipass": "^3.0.0" } }, "sha512-xuIq7cIOt09RPRJ19gdi4b+RiNvDFYe5JH+ggNvBqGqpQXcru3PcRmOZuHBKWK1Txf9+cQ+HMVN4d6z46LZP7A=="],

    "minipass-sized": ["minipass-sized@2.0.0", "", { "dependencies": { "minipass": "^7.1.2" } }, "sha512-zSsHhto5BcUVM2m1LurnXY6M//cGhVaegT71OfOXoprxT6o780GZd792ea6FfrQkuU4usHZIUczAQMRUE2plzA=="],

    "minizlib": ["minizlib@3.1.0", "", { "dependencies": { "minipass": "^7.1.2" } }, "sha512-KZxYo1BUkWD2TVFLr0MQoM8vUUigWD3LlD83a/75BqC+4qE0Hb1Vo5v1FgcfaNXvfXzr+5EhQ6ing/CaBijTlw=="],

    "ms": ["ms@2.1.3", "", {}, "sha512-6FlzubTLZG3J2a/NVCAleEhjzq5oxgHyaCU9yYXvcLsvoVaHJq/s5xXI6/XXP6tz7R9xAOtHnSO/tXtF3WRTlA=="],

    "negotiator": ["negotiator@1.0.0", "", {}, "sha512-8Ofs/AUQh8MaEcrlq5xOX0CQ9ypTF5dl78mjlMNfOK08fzpgTHQRQPBxcPlEtIw0yRpws+Zo/3r+5WRby7u3Gg=="],

    "node-gyp": ["node-gyp@12.2.0", "", { "dependencies": { "env-paths": "^2.2.0", "exponential-backoff": "^3.1.1", "graceful-fs": "^4.2.6", "make-fetch-happen": "^15.0.0", "nopt": "^9.0.0", "proc-log": "^6.0.0", "semver": "^7.3.5", "tar": "^7.5.4", "tinyglobby": "^0.2.12", "which": "^6.0.0" }, "bin": { "node-gyp": "bin/node-gyp.js" } }, "sha512-q23WdzrQv48KozXlr0U1v9dwO/k59NHeSzn6loGcasyf0UnSrtzs8kRxM+mfwJSf0DkX0s43hcqgnSO4/VNthQ=="],

    "nopt": ["nopt@9.0.0", "", { "dependencies": { "abbrev": "^4.0.0" }, "bin": { "nopt": "bin/nopt.js" } }, "sha512-Zhq3a+yFKrYwSBluL4H9XP3m3y5uvQkB/09CwDruCiRmR/UJYnn9W4R48ry0uGC70aeTPKLynBtscP9efFFcPw=="],

    "p-map": ["p-map@7.0.4", "", {}, "sha512-tkAQEw8ysMzmkhgw8k+1U/iPhWNhykKnSk4Rd5zLoPJCuJaGRPo6YposrZgaxHKzDHdDWWZvE/Sk7hsL2X/CpQ=="],

    "path-scurry": ["path-scurry@2.0.2", "", { "dependencies": { "lru-cache": "^11.0.0", "minipass": "^7.1.2" } }, "sha512-3O/iVVsJAPsOnpwWIeD+d6z/7PmqApyQePUtCndjatj/9I5LylHvt5qluFaBT3I5h3r1ejfR056c+FCv+NnNXg=="],

    "picomatch": ["picomatch@4.0.3", "", {}, "sha512-5gTmgEY/sqK6gFXLIsQNH19lWb4ebPDLA4SdLP7dsWkIXHWlG66oPuVvXSGFPppYZz8ZDZq0dYYrbHfBCVUb1Q=="],

    "proc-log": ["proc-log@6.1.0", "", {}, "sha512-iG+GYldRf2BQ0UDUAd6JQ/RwzaQy6mXmsk/IzlYyal4A4SNFw54MeH4/tLkF4I5WoWG9SQwuqWzS99jaFQHBuQ=="],

    "retry": ["retry@0.13.1", "", {}, "sha512-XQBQ3I8W1Cge0Seh+6gjj03LbmRFWuoszgK9ooCpwYIrhhoO80pfq4cUkU5DkknwfOfFteRwlZ56PYOGYyFWdg=="],

    "safer-buffer": ["safer-buffer@2.1.2", "", {}, "sha512-YZo3K82SD7Riyi0E1EQPojLz7kpepnSQI9IyPbHHg1XXXevb5dJI7tpyN2ADxGcQbHG7vcyRHk0cbwqcQriUtg=="],

    "semver": ["semver@7.7.4", "", { "bin": { "semver": "bin/semver.js" } }, "sha512-vFKC2IEtQnVhpT78h1Yp8wzwrf8CM+MzKMHGJZfBtzhZNycRFnXsHk6E5TxIkkMsgNS7mdX3AGB7x2QM2di4lA=="],

    "smart-buffer": ["smart-buffer@4.2.0", "", {}, "sha512-94hK0Hh8rPqQl2xXc3HsaBoOXKV20MToPkcXvwbISWLEs+64sBq5kFgn2kJDHb1Pry9yrP0dxrCI9RRci7RXKg=="],

    "socks": ["socks@2.8.7", "", { "dependencies": { "ip-address": "^10.0.1", "smart-buffer": "^4.2.0" } }, "sha512-HLpt+uLy/pxB+bum/9DzAgiKS8CX1EvbWxI4zlmgGCExImLdiad2iCwXT5Z4c9c3Eq8rP2318mPW2c+QbtjK8A=="],

    "socks-proxy-agent": ["socks-proxy-agent@8.0.5", "", { "dependencies": { "agent-base": "^7.1.2", "debug": "^4.3.4", "socks": "^2.8.3" } }, "sha512-HehCEsotFqbPW9sJ8WVYB6UbmIMv7kUUORIF2Nncq4VQvBfNBLibW9YZR5dlYCSUhwcD628pRllm7n+E+YTzJw=="],

    "ssri": ["ssri@13.0.1", "", { "dependencies": { "minipass": "^7.0.3" } }, "sha512-QUiRf1+u9wPTL/76GTYlKttDEBWV1ga9ZXW8BG6kfdeyyM8LGPix9gROyg9V2+P0xNyF3X2Go526xKFdMZrHSQ=="],

    "syscall-napi": ["syscall-napi@0.0.6", "", {}, "sha512-qHbwjyFXAAekKUXxl70lhDiBYJ3e7XM7kQwu7LV3F0pHMenKox+VcZPZkRkhdmL/wNJD3NmrMGnL7161kdecUQ=="],

    "tar": ["tar@7.5.11", "", { "dependencies": { "@isaacs/fs-minipass": "^4.0.0", "chownr": "^3.0.0", "minipass": "^7.1.2", "minizlib": "^3.1.0", "yallist": "^5.0.0" } }, "sha512-ChjMH33/KetonMTAtpYdgUFr0tbz69Fp2v7zWxQfYZX4g5ZN2nOBXm1R2xyA+lMIKrLKIoKAwFj93jE/avX9cQ=="],

    "tinyglobby": ["tinyglobby@0.2.15", "", { "dependencies": { "fdir": "^6.5.0", "picomatch": "^4.0.3" } }, "sha512-j2Zq4NyQYG5XMST4cbs02Ak8iJUdxRM0XI5QyxXuZOzKOINmWurp3smXu3y5wDcJrptwpSjgXHzIQxR0omXljQ=="],

    "undici": ["undici@6.24.1", "", {}, "sha512-sC+b0tB1whOCzbtlx20fx3WgCXwkW627p4EA9uM+/tNNPkSS+eSEld6pAs9nDv7WbY1UUljBMYPtu9BCOrCWKA=="],

    "unique-filename": ["unique-filename@5.0.0", "", { "dependencies": { "unique-slug": "^6.0.0" } }, "sha512-2RaJTAvAb4owyjllTfXzFClJ7WsGxlykkPvCr9pA//LD9goVq+m4PPAeBgNodGZ7nSrntT/auWpJ6Y5IFXcfjg=="],

    "unique-slug": ["unique-slug@6.0.0", "", { "dependencies": { "imurmurhash": "^0.1.4" } }, "sha512-4Lup7Ezn8W3d52/xBhZBVdx323ckxa7DEvd9kPQHppTkLoJXw6ltrBCyj5pnrxj0qKDxYMJ56CoxNuFCscdTiw=="],

    "which": ["which@6.0.1", "", { "dependencies": { "isexe": "^4.0.0" }, "bin": { "node-which": "bin/which.js" } }, "sha512-oGLe46MIrCRqX7ytPUf66EAYvdeMIZYn3WaocqqKZAxrBpkqHfL/qvTyJ/bTk5+AqHCjXmrv3CEWgy368zhRUg=="],

    "yallist": ["yallist@5.0.0", "", {}, "sha512-YgvUTfwqyc7UXVMrB+SImsVYSmTS8X/tSrtdNZMImM+n7+QTriRXyXim0mBrTXNeqzVF0KWGgHPeiyViFFrNDw=="],

    "minipass-flush/minipass": ["minipass@3.3.6", "", { "dependencies": { "yallist": "^4.0.0" } }, "sha512-DxiNidxSEK+tHG6zOIklvNOwm3hvCrbUrdtzY74U6HKTJxvIDfOUL5W5P2Ghd3DTkhhKPYGqeNUIh5qcM4YBfw=="],

    "minipass-pipeline/minipass": ["minipass@3.3.6", "", { "dependencies": { "yallist": "^4.0.0" } }, "sha512-DxiNidxSEK+tHG6zOIklvNOwm3hvCrbUrdtzY74U6HKTJxvIDfOUL5W5P2Ghd3DTkhhKPYGqeNUIh5qcM4YBfw=="],

    "minipass-flush/minipass/yallist": ["yallist@4.0.0", "", {}, "sha512-3wdGidZyq5PB084XLES5TpOSRA3wjXAlIWMhum2kRcv/41Sn2emQ0dycQW4uZXLejwKvg6EsvbdlVL+FYEct7A=="],

    "minipass-pipeline/minipass/yallist": ["yallist@4.0.0", "", {}, "sha512-3wdGidZyq5PB084XLES5TpOSRA3wjXAlIWMhum2kRcv/41Sn2emQ0dycQW4uZXLejwKvg6EsvbdlVL+FYEct7A=="],
  }
}
